
Microsoft Visual Studio Solution File, Format Version 12.00
# Visual Studio Version 16
VisualStudioVersion = 16.0.29728.190
MinimumVisualStudioVersion = 10.0.40219.1
Project("{8BC9CEB8-8B4A-11D0-8D11-00A0C91BC942}") = "ZotighP2", "ZotighP2\ZotighP2.vcxproj", "{E1ECAF25-1CDF-4E12-8696-BCE3B85414D6}"
EndProject
Global
	GlobalSection(SolutionConfigurationPlatforms) = preSolution
		Debug|x64 = Debug|x64
		Debug|x86 = Debug|x86
		Release|x64 = Release|x64
		Release|x86 = Release|x86
	EndGlobalSection
	GlobalSection(ProjectConfigurationPlatforms) = postSolution
		{E1ECAF25-1CDF-4E12-8696-BCE3B85414D6}.Debug|x64.ActiveCfg = Debug|x64
		{E1ECAF25-1CDF-4E12-8696-BCE3B85414D6}.Debug|x64.Build.0 = Debug|x64
		{E1ECAF25-1CDF-4E12-8696-BCE3B85414D6}.Debug|x86.ActiveCfg = Debug|Win32
		{E1ECAF25-1CDF-4E12-8696-BCE3B85414D6}.Debug|x86.Build.0 = Debug|Win32
		{E1ECAF25-1CDF-4E12-8696-BCE3B85414D6}.Release|x64.ActiveCfg = Release|x64
		{E1ECAF25-1CDF-4E12-8696-BCE3B85414D6}.Release|x64.Build.0 = Release|x64
		{E1ECAF25-1CDF-4E12-8696-BCE3B85414D6}.Release|x86.ActiveCfg = Release|Win32
		{E1ECAF25-1CDF-4E12-8696-BCE3B85414D6}.Release|x86.Build.0 = Release|Win32
	EndGlobalSection
	GlobalSection(SolutionProperties) = preSolution
		HideSolutionNode = FALSE
	EndGlobalSection
	GlobalSection(ExtensibilityGlobals) = postSolution
		SolutionGuid = {EE42BA8A-ECFC-465D-9405-42F84A0D442A}
	EndGlobalSection
EndGlobal
